// !$*UTF8*$!
{
	archiveVersion = 1;
	classes = {
	};
	objectVersion = 46;
	objects = {

/* Begin PBXBuildFile section */
		9DF4FD0D1D43CA50007C8DC3 /* AppDelegate.swift in Sources */ = {isa = PBXBuildFile; fileRef = 9DF4FD0C1D43CA50007C8DC3 /* AppDelegate.swift */; };
		9DF4FD0F1D43CA51007C8DC3 /* ViewController.swift in Sources */ = {isa = PBXBuildFile; fileRef = 9DF4FD0E1D43CA51007C8DC3 /* ViewController.swift */; };
		9DF4FD121D43CA51007C8DC3 /* Main.storyboard in Resources */ = {isa = PBXBuildFile; fileRef = 9DF4FD101D43CA51007C8DC3 /* Main.storyboard */; };
		9DF4FD141D43CA51007C8DC3 /* Assets.xcassets in Resources */ = {isa = PBXBuildFile; fileRef = 9DF4FD131D43CA51007C8DC3 /* Assets.xcassets */; };
		9DF4FD171D43CA51007C8DC3 /* LaunchScreen.storyboard in Resources */ = {isa = PBXBuildFile; fileRef = 9DF4FD151D43CA51007C8DC3 /* LaunchScreen.storyboard */; };
		9DF4FD221D43CA52007C8DC3 /* RH_meeting_2016Tests.swift in Sources */ = {isa = PBXBuildFile; fileRef = 9DF4FD211D43CA52007C8DC3 /* RH_meeting_2016Tests.swift */; };
		9DF4FD2D1D43CA52007C8DC3 /* RH_meeting_2016UITests.swift in Sources */ = {isa = PBXBuildFile; fileRef = 9DF4FD2C1D43CA52007C8DC3 /* RH_meeting_2016UITests.swift */; };
/* End PBXBuildFile section */

/* Begin PBXContainerItemProxy section */
		9DF4FD1E1D43CA52007C8DC3 /* PBXContainerItemProxy */ = {
			isa = PBXContainerItemProxy;
			containerPortal = 9DF4FD011D43CA50007C8DC3 /* Project object */;
			proxyType = 1;
			remoteGlobalIDString = 9DF4FD081D43CA50007C8DC3;
			remoteInfo = "RH meeting 2016";
		};
		9DF4FD291D43CA52007C8DC3 /* PBXContainerItemProxy */ = {
			isa = PBXContainerItemProxy;
			containerPortal = 9DF4FD011D43CA50007C8DC3 /* Project object */;
			proxyType = 1;
			remoteGlobalIDString = 9DF4FD081D43CA50007C8DC3;
			remoteInfo = "RH meeting 2016";
		};
/* End PBXContainerItemProxy section */

/* Begin PBXFileReference section */
		9DF4FD091D43CA50007C8DC3 /* RH meeting 2016.app */ = {isa = PBXFileReference; explicitFileType = wrapper.application; includeInIndex = 0; path = "RH meeting 2016.app"; sourceTree = BUILT_PRODUCTS_DIR; };
		9DF4FD0C1D43CA50007C8DC3 /* AppDelegate.swift */ = {isa = PBXFileReference; lastKnownFileType = sourcecode.swift; path = AppDelegate.swift; sourceTree = "<group>"; };
		9DF4FD0E1D43CA51007C8DC3 /* ViewController.swift */ = {isa = PBXFileReference; lastKnownFileType = sourcecode.swift; path = ViewController.swift; sourceTree = "<group>"; };
		9DF4FD111D43CA51007C8DC3 /* Base */ = {isa = PBXFileReference; lastKnownFileType = file.storyboard; name = Base; path = Base.lproj/Main.storyboard; sourceTree = "<group>"; };
		9DF4FD131D43CA51007C8DC3 /* Assets.xcassets */ = {isa = PBXFileReference; lastKnownFileType = folder.assetcatalog; path = Assets.xcassets; sourceTree = "<group>"; };
		9DF4FD161D43CA51007C8DC3 /* Base */ = {isa = PBXFileReference; lastKnownFileType = file.storyboard; name = Base; path = Base.lproj/LaunchScreen.storyboard; sourceTree = "<group>"; };
		9DF4FD181D43CA51007C8DC3 /* Info.plist */ = {isa = PBXFileReference; lastKnownFileType = text.plist.xml; path = Info.plist; sourceTree = "<group>"; };
		9DF4FD1D1D43CA52007C8DC3 /* RH meeting 2016Tests.xctest */ = {isa = PBXFileReference; explicitFileType = wrapper.cfbundle; includeInIndex = 0; path = "RH meeting 2016Tests.xctest"; sourceTree = BUILT_PRODUCTS_DIR; };
		9DF4FD211D43CA52007C8DC3 /* RH_meeting_2016Tests.swift */ = {isa = PBXFileReference; lastKnownFileType = sourcecode.swift; path = RH_meeting_2016Tests.swift; sourceTree = "<group>"; };
		9DF4FD231D43CA52007C8DC3 /* Info.plist */ = {isa = PBXFileReference; lastKnownFileType = text.plist.xml; path = Info.plist; sourceTree = "<group>"; };
		9DF4FD281D43CA52007C8DC3 /* RH meeting 2016UITests.xctest */ = {isa = PBXFileReference; explicitFileType = wrapper.cfbundle; includeInIndex = 0; path = "RH meeting 2016UITests.xctest"; sourceTree = BUILT_PRODUCTS_DIR; };
		9DF4FD2C1D43CA52007C8DC3 /* RH_meeting_2016UITests.swift */ = {isa = PBXFileReference; lastKnownFileType = sourcecode.swift; path = RH_meeting_2016UITests.swift; sourceTree = "<group>"; };
		9DF4FD2E1D43CA52007C8DC3 /* Info.plist */ = {isa = PBXFileReference; lastKnownFileType = text.plist.xml; path = Info.plist; sourceTree = "<group>"; };
/* End PBXFileReference section */

/* Begin PBXFrameworksBuildPhase section */
		9DF4FD061D43CA50007C8DC3 /* Frameworks */ = {
			isa = PBXFrameworksBuildPhase;
			buildActionMask = 2147483647;
			files = (
			);
			runOnlyForDeploymentPostprocessing = 0;
		};
		9DF4FD1A1D43CA52007C8DC3 /* Frameworks */ = {
			isa = PBXFrameworksBuildPhase;
			buildActionMask = 2147483647;
			files = (
			);
			runOnlyForDeploymentPostprocessing = 0;
		};
		9DF4FD251D43CA52007C8DC3 /* Frameworks */ = {
			isa = PBXFrameworksBuildPhase;
			buildActionMask = 2147483647;
			files = (
			);
			runOnlyForDeploymentPostprocessing = 0;
		};
/* End PBXFrameworksBuildPhase section */

/* Begin PBXGroup section */
		9DF4FD001D43CA50007C8DC3 = {
			isa = PBXGroup;
			children = (
				9DF4FD0B1D43CA50007C8DC3 /* RH meeting 2016 */,
				9DF4FD201D43CA52007C8DC3 /* RH meeting 2016Tests */,
				9DF4FD2B1D43CA52007C8DC3 /* RH meeting 2016UITests */,
				9DF4FD0A1D43CA50007C8DC3 /* Products */,
			);
			sourceTree = "<group>";
		};
		9DF4FD0A1D43CA50007C8DC3 /* Products */ = {
			isa = PBXGroup;
			children = (
				9DF4FD091D43CA50007C8DC3 /* RH meeting 2016.app */,
				9DF4FD1D1D43CA52007C8DC3 /* RH meeting 2016Tests.xctest */,
				9DF4FD281D43CA52007C8DC3 /* RH meeting 2016UITests.xctest */,
			);
			name = Products;
			sourceTree = "<group>";
		};
		9DF4FD0B1D43CA50007C8DC3 /* RH meeting 2016 */ = {
			isa = PBXGroup;
			children = (
				9DF4FD0C1D43CA50007C8DC3 /* AppDelegate.swift */,
				9DF4FD0E1D43CA51007C8DC3 /* ViewController.swift */,
				9DF4FD101D43CA51007C8DC3 /* Main.storyboard */,
				9DF4FD131D43CA51007C8DC3 /* Assets.xcassets */,
				9DF4FD151D43CA51007C8DC3 /* LaunchScreen.storyboard */,
				9DF4FD181D43CA51007C8DC3 /* Info.plist */,
			);
			path = "RH meeting 2016";
			sourceTree = "<group>";
		};
		9DF4FD201D43CA52007C8DC3 /* RH meeting 2016Tests */ = {
			isa = PBXGroup;
			children = (
				9DF4FD211D43CA52007C8DC3 /* RH_meeting_2016Tests.swift */,
				9DF4FD231D43CA52007C8DC3 /* Info.plist */,
			);
			path = "RH meeting 2016Tests";
			sourceTree = "<group>";
		};
		9DF4FD2B1D43CA52007C8DC3 /* RH meeting 2016UITests */ = {
			isa = PBXGroup;
			children = (
				9DF4FD2C1D43CA52007C8DC3 /* RH_meeting_2016UITests.swift */,
				9DF4FD2E1D43CA52007C8DC3 /* Info.plist */,
			);
			path = "RH meeting 2016UITests";
			sourceTree = "<group>";
		};
/* End PBXGroup section */

/* Begin PBXNativeTarget section */
		9DF4FD081D43CA50007C8DC3 /* RH meeting 2016 */ = {
			isa = PBXNativeTarget;
			buildConfigurationList = 9DF4FD311D43CA52007C8DC3 /* Build configuration list for PBXNativeTarget "RH meeting 2016" */;
			buildPhases = (
				9DF4FD051D43CA50007C8DC3 /* Sources */,
				9DF4FD061D43CA50007C8DC3 /* Frameworks */,
				9DF4FD071D43CA50007C8DC3 /* Resources */,
			);
			buildRules = (
			);
			dependencies = (
			);
			name = "RH meeting 2016";
			productName = "RH meeting 2016";
			productReference = 9DF4FD091D43CA50007C8DC3 /* RH meeting 2016.app */;
			productType = "com.apple.product-type.application";
		};
		9DF4FD1C1D43CA52007C8DC3 /* RH meeting 2016Tests */ = {
			isa = PBXNativeTarget;
			buildConfigurationList = 9DF4FD341D43CA52007C8DC3 /* Build configuration list for PBXNativeTarget "RH meeting 2016Tests" */;
			buildPhases = (
				9DF4FD191D43CA52007C8DC3 /* Sources */,
				9DF4FD1A1D43CA52007C8DC3 /* Frameworks */,
				9DF4FD1B1D43CA52007C8DC3 /* Resources */,
			);
			buildRules = (
			);
			dependencies = (
				9DF4FD1F1D43CA52007C8DC3 /* PBXTargetDependency */,
			);
			name = "RH meeting 2016Tests";
			productName = "RH meeting 2016Tests";
			productReference = 9DF4FD1D1D43CA52007C8DC3 /* RH meeting 2016Tests.xctest */;
			productType = "com.apple.product-type.bundle.unit-test";
		};
		9DF4FD271D43CA52007C8DC3 /* RH meeting 2016UITests */ = {
			isa = PBXNativeTarget;
			buildConfigurationList = 9DF4FD371D43CA52007C8DC3 /* Build configuration list for PBXNativeTarget "RH meeting 2016UITests" */;
			buildPhases = (
				9DF4FD241D43CA52007C8DC3 /* Sources */,
				9DF4FD251D43CA52007C8DC3 /* Frameworks */,
				9DF4FD261D43CA52007C8DC3 /* Resources */,
			);
			buildRules = (
			);
			dependencies = (
				9DF4FD2A1D43CA52007C8DC3 /* PBXTargetDependency */,
			);
			name = "RH meeting 2016UITests";
			productName = "RH meeting 2016UITests";
			productReference = 9DF4FD281D43CA52007C8DC3 /* RH meeting 2016UITests.xctest */;
			productType = "com.apple.product-type.bundle.ui-testing";
		};
/* End PBXNativeTarget section */

/* Begin PBXProject section */
		9DF4FD011D43CA50007C8DC3 /* Project object */ = {
			isa = PBXProject;
			attributes = {
				LastSwiftUpdateCheck = 0730;
				LastUpgradeCheck = 0730;
				ORGANIZATIONNAME = Palindromo;
				TargetAttributes = {
					9DF4FD081D43CA50007C8DC3 = {
						CreatedOnToolsVersion = 7.3.1;
					};
					9DF4FD1C1D43CA52007C8DC3 = {
						CreatedOnToolsVersion = 7.3.1;
						TestTargetID = 9DF4FD081D43CA50007C8DC3;
					};
					9DF4FD271D43CA52007C8DC3 = {
						CreatedOnToolsVersion = 7.3.1;
						TestTargetID = 9DF4FD081D43CA50007C8DC3;
					};
				};
			};
			buildConfigurationList = 9DF4FD041D43CA50007C8DC3 /* Build configuration list for PBXProject "RH meeting 2016" */;
			compatibilityVersion = "Xcode 3.2";
			developmentRegion = English;
			hasScannedForEncodings = 0;
			knownRegions = (
				en,
				Base,
			);
			mainGroup = 9DF4FD001D43CA50007C8DC3;
			productRefGroup = 9DF4FD0A1D43CA50007C8DC3 /* Products */;
			projectDirPath = "";
			projectRoot = "";
			targets = (
				9DF4FD081D43CA50007C8DC3 /* RH meeting 2016 */,
				9DF4FD1C1D43CA52007C8DC3 /* RH meeting 2016Tests */,
				9DF4FD271D43CA52007C8DC3 /* RH meeting 2016UITests */,
			);
		};
/* End PBXProject section */

/* Begin PBXResourcesBuildPhase section */
		9DF4FD071D43CA50007C8DC3 /* Resources */ = {
			isa = PBXResourcesBuildPhase;
			buildActionMask = 2147483647;
			files = (
				9DF4FD171D43CA51007C8DC3 /* LaunchScreen.storyboard in Resources */,
				9DF4FD141D43CA51007C8DC3 /* Assets.xcassets in Resources */,
				9DF4FD121D43CA51007C8DC3 /* Main.storyboard in Resources */,
			);
			runOnlyForDeploymentPostprocessing = 0;
		};
		9DF4FD1B1D43CA52007C8DC3 /* Resources */ = {
			isa = PBXResourcesBuildPhase;
			buildActionMask = 2147483647;
			files = (
			);
			runOnlyForDeploymentPostprocessing = 0;
		};
		9DF4FD261D43CA52007C8DC3 /* Resources */ = {
			isa = PBXResourcesBuildPhase;
			buildActionMask = 2147483647;
			files = (
			);
			runOnlyForDeploymentPostprocessing = 0;
		};
/* End PBXResourcesBuildPhase section */

/* Begin PBXSourcesBuildPhase section */
		9DF4FD051D43CA50007C8DC3 /* Sources */ = {
			isa = PBXSourcesBuildPhase;
			buildActionMask = 2147483647;
			files = (
				9DF4FD0F1D43CA51007C8DC3 /* ViewController.swift in Sources */,
				9DF4FD0D1D43CA50007C8DC3 /* AppDelegate.swift in Sources */,
			);
			runOnlyForDeploymentPostprocessing = 0;
		};
		9DF4FD191D43CA52007C8DC3 /* Sources */ = {
			isa = PBXSourcesBuildPhase;
			buildActionMask = 2147483647;
			files = (
				9DF4FD221D43CA52007C8DC3 /* RH_meeting_2016Tests.swift in Sources */,
			);
			runOnlyForDeploymentPostprocessing = 0;
		};
		9DF4FD241D43CA52007C8DC3 /* Sources */ = {
			isa = PBXSourcesBuildPhase;
			buildActionMask = 2147483647;
			files = (
				9DF4FD2D1D43CA52007C8DC3 /* RH_meeting_2016UITests.swift in Sources */,
			);
			runOnlyForDeploymentPostprocessing = 0;
		};
/* End PBXSourcesBuildPhase section */

/* Begin PBXTargetDependency section */
		9DF4FD1F1D43CA52007C8DC3 /* PBXTargetDependency */ = {
			isa = PBXTargetDependency;
			target = 9DF4FD081D43CA50007C8DC3 /* RH meeting 2016 */;
			targetProxy = 9DF4FD1E1D43CA52007C8DC3 /* PBXContainerItemProxy */;
		};
		9DF4FD2A1D43CA52007C8DC3 /* PBXTargetDependency */ = {
			isa = PBXTargetDependency;
			target = 9DF4FD081D43CA50007C8DC3 /* RH meeting 2016 */;
			targetProxy = 9DF4FD291D43CA52007C8DC3 /* PBXContainerItemProxy */;
		};
/* End PBXTargetDependency section */

/* Begin PBXVariantGroup section */
		9DF4FD101D43CA51007C8DC3 /* Main.storyboard */ = {
			isa = PBXVariantGroup;
			children = (
				9DF4FD111D43CA51007C8DC3 /* Base */,
			);
			name = Main.storyboard;
			sourceTree = "<group>";
		};
		9DF4FD151D43CA51007C8DC3 /* LaunchScreen.storyboard */ = {
			isa = PBXVariantGroup;
			children = (
				9DF4FD161D43CA51007C8DC3 /* Base */,
			);
			name = LaunchScreen.storyboard;
			sourceTree = "<group>";
		};
/* End PBXVariantGroup section */

/* Begin XCBuildConfiguration section */
		9DF4FD2F1D43CA52007C8DC3 /* Debug */ = {
			isa = XCBuildConfiguration;
			buildSettings = {
				ALWAYS_SEARCH_USER_PATHS = NO;
				CLANG_ANALYZER_NONNULL = YES;
				CLANG_CXX_LANGUAGE_STANDARD = "gnu++0x";
				CLANG_CXX_LIBRARY = "libc++";
				CLANG_ENABLE_MODULES = YES;
				CLANG_ENABLE_OBJC_ARC = YES;
				CLANG_WARN_BOOL_CONVERSION = YES;
				CLANG_WARN_CONSTANT_CONVERSION = YES;
				CLANG_WARN_DIRECT_OBJC_ISA_USAGE = YES_ERROR;
				CLANG_WARN_EMPTY_BODY = YES;
				CLANG_WARN_ENUM_CONVERSION = YES;
				CLANG_WARN_INT_CONVERSION = YES;
				CLANG_WARN_OBJC_ROOT_CLASS = YES_ERROR;
				CLANG_WARN_UNREACHABLE_CODE = YES;
				CLANG_WARN__DUPLICATE_METHOD_MATCH = YES;
				"CODE_SIGN_IDENTITY[sdk=iphoneos*]" = "iPhone Developer";
				COPY_PHASE_STRIP = NO;
				DEBUG_INFORMATION_FORMAT = dwarf;
				ENABLE_STRICT_OBJC_MSGSEND = YES;
				ENABLE_TESTABILITY = YES;
				GCC_C_LANGUAGE_STANDARD = gnu99;
				GCC_DYNAMIC_NO_PIC = NO;
				GCC_NO_COMMON_BLOCKS = YES;
				GCC_OPTIMIZATION_LEVEL = 0;
				GCC_PREPROCESSOR_DEFINITIONS = (
					"DEBUG=1",
					"$(inherited)",
				);
				GCC_WARN_64_TO_32_BIT_CONVERSION = YES;
				GCC_WARN_ABOUT_RETURN_TYPE = YES_ERROR;
				GCC_WARN_UNDECLARED_SELECTOR = YES;
				GCC_WARN_UNINITIALIZED_AUTOS = YES_AGGRESSIVE;
				GCC_WARN_UNUSED_FUNCTION = YES;
				GCC_WARN_UNUSED_VARIABLE = YES;
				IPHONEOS_DEPLOYMENT_TARGET = 9.3;
				MTL_ENABLE_DEBUG_INFO = YES;
				ONLY_ACTIVE_ARCH = YES;
				SDKROOT = iphoneos;
				SWIFT_OPTIMIZATION_LEVEL = "-Onone";
			};
			name = Debug;
		};
		9DF4FD301D43CA52007C8DC3 /* Release */ = {
			isa = XCBuildConfiguration;
			buildSettings = {
				ALWAYS_SEARCH_USER_PATHS = NO;
				CLANG_ANALYZER_NONNULL = YES;
				CLANG_CXX_LANGUAGE_STANDARD = "gnu++0x";
				CLANG_CXX_LIBRARY = "libc++";
				CLANG_ENABLE_MODULES = YES;
				CLANG_ENABLE_OBJC_ARC = YES;
				CLANG_WARN_BOOL_CONVERSION = YES;
				CLANG_WARN_CONSTANT_CONVERSION = YES;
				CLANG_WARN_DIRECT_OBJC_ISA_USAGE = YES_ERROR;
				CLANG_WARN_EMPTY_BODY = YES;
				CLANG_WARN_ENUM_CONVERSION = YES;
				CLANG_WARN_INT_CONVERSION = YES;
				CLANG_WARN_OBJC_ROOT_CLASS = YES_ERROR;
				CLANG_WARN_UNREACHABLE_CODE = YES;
				CLANG_WARN__DUPLICATE_METHOD_MATCH = YES;
				"CODE_SIGN_IDENTITY[sdk=iphoneos*]" = "iPhone Developer";
				COPY_PHASE_STRIP = NO;
				DEBUG_INFORMATION_FORMAT = "dwarf-with-dsym";
				ENABLE_NS_ASSERTIONS = NO;
				ENABLE_STRICT_OBJC_MSGSEND = YES;
				GCC_C_LANGUAGE_STANDARD = gnu99;
				GCC_NO_COMMON_BLOCKS = YES;
				GCC_WARN_64_TO_32_BIT_CONVERSION = YES;
				GCC_WARN_ABOUT_RETURN_TYPE = YES_ERROR;
				GCC_WARN_UNDECLARED_SELECTOR = YES;
				GCC_WARN_UNINITIALIZED_AUTOS = YES_AGGRESSIVE;
				GCC_WARN_UNUSED_FUNCTION = YES;
				GCC_WARN_UNUSED_VARIABLE = YES;
				IPHONEOS_DEPLOYMENT_TARGET = 9.3;
				MTL_ENABLE_DEBUG_INFO = NO;
				SDKROOT = iphoneos;
				VALIDATE_PRODUCT = YES;
			};
			name = Release;
		};
		9DF4FD321D43CA52007C8DC3 /* Debug */ = {
			isa = XCBuildConfiguration;
			buildSettings = {
				ASSETCATALOG_COMPILER_APPICON_NAME = AppIcon;
				INFOPLIST_FILE = "RH meeting 2016/Info.plist";
				LD_RUNPATH_SEARCH_PATHS = "$(inherited) @executable_path/Frameworks";
				PRODUCT_BUNDLE_IDENTIFIER = "com.palindromo.RH-meeting-2016";
				PRODUCT_NAME = "$(TARGET_NAME)";
			};
			name = Debug;
		};
		9DF4FD331D43CA52007C8DC3 /* Release */ = {
			isa = XCBuildConfiguration;
			buildSettings = {
				ASSETCATALOG_COMPILER_APPICON_NAME = AppIcon;
				INFOPLIST_FILE = "RH meeting 2016/Info.plist";
				LD_RUNPATH_SEARCH_PATHS = "$(inherited) @executable_path/Frameworks";
				PRODUCT_BUNDLE_IDENTIFIER = "com.palindromo.RH-meeting-2016";
				PRODUCT_NAME = "$(TARGET_NAME)";
			};
			name = Release;
		};
		9DF4FD351D43CA52007C8DC3 /* Debug */ = {
			isa = XCBuildConfiguration;
			buildSettings = {
				BUNDLE_LOADER = "$(TEST_HOST)";
				INFOPLIST_FILE = "RH meeting 2016Tests/Info.plist";
				LD_RUNPATH_SEARCH_PATHS = "$(inherited) @executable_path/Frameworks @loader_path/Frameworks";
				PRODUCT_BUNDLE_IDENTIFIER = "com.palindromo.RH-meeting-2016Tests";
				PRODUCT_NAME = "$(TARGET_NAME)";
				TEST_HOST = "$(BUILT_PRODUCTS_DIR)/RH meeting 2016.app/RH meeting 2016";
			};
			name = Debug;
		};
		9DF4FD361D43CA52007C8DC3 /* Release */ = {
			isa = XCBuildConfiguration;
			buildSettings = {
				BUNDLE_LOADER = "$(TEST_HOST)";
				INFOPLIST_FILE = "RH meeting 2016Tests/Info.plist";
				LD_RUNPATH_SEARCH_PATHS = "$(inherited) @executable_path/Frameworks @loader_path/Frameworks";
				PRODUCT_BUNDLE_IDENTIFIER = "com.palindromo.RH-meeting-2016Tests";
				PRODUCT_NAME = "$(TARGET_NAME)";
				TEST_HOST = "$(BUILT_PRODUCTS_DIR)/RH meeting 2016.app/RH meeting 2016";
			};
			name = Release;
		};
		9DF4FD381D43CA52007C8DC3 /* Debug */ = {
			isa = XCBuildConfiguration;
			buildSettings = {
				INFOPLIST_FILE = "RH meeting 2016UITests/Info.plist";
				LD_RUNPATH_SEARCH_PATHS = "$(inherited) @executable_path/Frameworks @loader_path/Frameworks";
				PRODUCT_BUNDLE_IDENTIFIER = "com.palindromo.RH-meeting-2016UITests";
				PRODUCT_NAME = "$(TARGET_NAME)";
				TEST_TARGET_NAME = "RH meeting 2016";
			};
			name = Debug;
		};
		9DF4FD391D43CA52007C8DC3 /* Release */ = {
			isa = XCBuildConfiguration;
			buildSettings = {
				INFOPLIST_FILE = "RH meeting 2016UITests/Info.plist";
				LD_RUNPATH_SEARCH_PATHS = "$(inherited) @executable_path/Frameworks @loader_path/Frameworks";
				PRODUCT_BUNDLE_IDENTIFIER = "com.palindromo.RH-meeting-2016UITests";
				PRODUCT_NAME = "$(TARGET_NAME)";
				TEST_TARGET_NAME = "RH meeting 2016";
			};
			name = Release;
		};
/* End XCBuildConfiguration section */

/* Begin XCConfigurationList section */
		9DF4FD041D43CA50007C8DC3 /* Build configuration list for PBXProject "RH meeting 2016" */ = {
			isa = XCConfigurationList;
			buildConfigurations = (
				9DF4FD2F1D43CA52007C8DC3 /* Debug */,
				9DF4FD301D43CA52007C8DC3 /* Release */,
			);
			defaultConfigurationIsVisible = 0;
			defaultConfigurationName = Release;
		};
		9DF4FD311D43CA52007C8DC3 /* Build configuration list for PBXNativeTarget "RH meeting 2016" */ = {
			isa = XCConfigurationList;
			buildConfigurations = (
				9DF4FD321D43CA52007C8DC3 /* Debug */,
				9DF4FD331D43CA52007C8DC3 /* Release */,
			);
			defaultConfigurationIsVisible = 0;
		};
		9DF4FD341D43CA52007C8DC3 /* Build configuration list for PBXNativeTarget "RH meeting 2016Tests" */ = {
			isa = XCConfigurationList;
			buildConfigurations = (
				9DF4FD351D43CA52007C8DC3 /* Debug */,
				9DF4FD361D43CA52007C8DC3 /* Release */,
			);
			defaultConfigurationIsVisible = 0;
		};
		9DF4FD371D43CA52007C8DC3 /* Build configuration list for PBXNativeTarget "RH meeting 2016UITests" */ = {
			isa = XCConfigurationList;
			buildConfigurations = (
				9DF4FD381D43CA52007C8DC3 /* Debug */,
				9DF4FD391D43CA52007C8DC3 /* Release */,
			);
			defaultConfigurationIsVisible = 0;
		};
/* End XCConfigurationList section */
	};
	rootObject = 9DF4FD011D43CA50007C8DC3 /* Project object */;
}
